
Microsoft Visual Studio Solution File, Format Version 12.00
# Visual Studio Version 16
VisualStudioVersion = 16.0.31129.286
MinimumVisualStudioVersion = 10.0.40219.1
Project("{FAE04EC0-301F-11D3-BF4B-00C04F79EFBC}") = "AquitoApi", "AquitoApi\AquitoApi.csproj", "{995AE73E-0DC1-404B-AC01-CDD58572F28E}"
EndProject
Project("{FAE04EC0-301F-11D3-BF4B-00C04F79EFBC}") = "AquitoWebApp", "AquitoWebApp\AquitoWebApp.csproj", "{962CA0C1-072F-422A-AD35-EEF39E8D5A61}"
EndProject
Global
	GlobalSection(SolutionConfigurationPlatforms) = preSolution
		Debug|Any CPU = Debug|Any CPU
		Release|Any CPU = Release|Any CPU
	EndGlobalSection
	GlobalSection(ProjectConfigurationPlatforms) = postSolution
		{995AE73E-0DC1-404B-AC01-CDD58572F28E}.Debug|Any CPU.ActiveCfg = Debug|Any CPU
		{995AE73E-0DC1-404B-AC01-CDD58572F28E}.Debug|Any CPU.Build.0 = Debug|Any CPU
		{995AE73E-0DC1-404B-AC01-CDD58572F28E}.Release|Any CPU.ActiveCfg = Release|Any CPU
		{995AE73E-0DC1-404B-AC01-CDD58572F28E}.Release|Any CPU.Build.0 = Release|Any CPU
		{962CA0C1-072F-422A-AD35-EEF39E8D5A61}.Debug|Any CPU.ActiveCfg = Debug|Any CPU
		{962CA0C1-072F-422A-AD35-EEF39E8D5A61}.Debug|Any CPU.Build.0 = Debug|Any CPU
		{962CA0C1-072F-422A-AD35-EEF39E8D5A61}.Release|Any CPU.ActiveCfg = Release|Any CPU
		{962CA0C1-072F-422A-AD35-EEF39E8D5A61}.Release|Any CPU.Build.0 = Release|Any CPU
	EndGlobalSection
	GlobalSection(SolutionProperties) = preSolution
		HideSolutionNode = FALSE
	EndGlobalSection
	GlobalSection(ExtensibilityGlobals) = postSolution
		SolutionGuid = {4F2F3F28-912C-4F11-9BC0-FA5266BE3E68}
	EndGlobalSection
EndGlobal
